
Microsoft Visual Studio Solution File, Format Version 12.00
Project("{FAE04EC0-301F-11D3-BF4B-00C04F79EFBC}") = "AwsCdkExtensions.Tests", "AwsCdkExtensions.Tests\AwsCdkExtensions.Tests.csproj", "{C9CF2C5E-8844-44B1-840B-87CB7ED7D51A}"
EndProject
Project("{FAE04EC0-301F-11D3-BF4B-00C04F79EFBC}") = "AwsCdkExtensions.Domain", "AwsCdkExtensions.Domain\AwsCdkExtensions.Domain.csproj", "{43D1AA45-76B8-4A29-85B4-F6DE7AD1750C}"
EndProject
Project("{FAE04EC0-301F-11D3-BF4B-00C04F79EFBC}") = "AwsCdkExtensions", "AwsCdkExtensions\AwsCdkExtensions.csproj", "{B066706E-3E5B-4CC3-B1C5-5B4EAF757D71}"
EndProject
Global
	GlobalSection(SolutionConfigurationPlatforms) = preSolution
		Debug|Any CPU = Debug|Any CPU
		Release|Any CPU = Release|Any CPU
	EndGlobalSection
	GlobalSection(ProjectConfigurationPlatforms) = postSolution
		{C9CF2C5E-8844-44B1-840B-87CB7ED7D51A}.Debug|Any CPU.ActiveCfg = Debug|Any CPU
		{C9CF2C5E-8844-44B1-840B-87CB7ED7D51A}.Debug|Any CPU.Build.0 = Debug|Any CPU
		{C9CF2C5E-8844-44B1-840B-87CB7ED7D51A}.Release|Any CPU.ActiveCfg = Release|Any CPU
		{C9CF2C5E-8844-44B1-840B-87CB7ED7D51A}.Release|Any CPU.Build.0 = Release|Any CPU
		{43D1AA45-76B8-4A29-85B4-F6DE7AD1750C}.Debug|Any CPU.ActiveCfg = Debug|Any CPU
		{43D1AA45-76B8-4A29-85B4-F6DE7AD1750C}.Debug|Any CPU.Build.0 = Debug|Any CPU
		{43D1AA45-76B8-4A29-85B4-F6DE7AD1750C}.Release|Any CPU.ActiveCfg = Release|Any CPU
		{43D1AA45-76B8-4A29-85B4-F6DE7AD1750C}.Release|Any CPU.Build.0 = Release|Any CPU
		{B066706E-3E5B-4CC3-B1C5-5B4EAF757D71}.Debug|Any CPU.ActiveCfg = Debug|Any CPU
		{B066706E-3E5B-4CC3-B1C5-5B4EAF757D71}.Debug|Any CPU.Build.0 = Debug|Any CPU
		{B066706E-3E5B-4CC3-B1C5-5B4EAF757D71}.Release|Any CPU.ActiveCfg = Release|Any CPU
		{B066706E-3E5B-4CC3-B1C5-5B4EAF757D71}.Release|Any CPU.Build.0 = Release|Any CPU
	EndGlobalSection
EndGlobal
