
Microsoft Visual Studio Solution File, Format Version 12.00
Project("{FAE04EC0-301F-11D3-BF4B-00C04F79EFBC}") = "AwsCdkWithDesignPatterns.Domain", "AwsCdkWithDesignPatterns.Domain\AwsCdkWithDesignPatterns.Domain.csproj", "{43D1AA45-76B8-4A29-85B4-F6DE7AD1750C}"
EndProject
Project("{FAE04EC0-301F-11D3-BF4B-00C04F79EFBC}") = "AwsCdkExtensions", "AwsCdkExtensions\AwsCdkExtensions.csproj", "{B066706E-3E5B-4CC3-B1C5-5B4EAF757D71}"
EndProject
Project("{FAE04EC0-301F-11D3-BF4B-00C04F79EFBC}") = "AwsCdkWithDesignPatterns.Extensions", "AwsCdkWithDesignPatterns.Extensions\AwsCdkWithDesignPatterns.Extensions.csproj", "{899A7AA7-1CC5-404D-9505-B0616AA1EB27}"
EndProject
Project("{FAE04EC0-301F-11D3-BF4B-00C04F79EFBC}") = "AwsCdkWithDesignPatterns.Domain.Tests", "tests\AwsCdkWithDesignPatterns.Domain.Tests\AwsCdkWithDesignPatterns.Domain.Tests.csproj", "{7384A843-BDD5-4E28-9A32-C979559E51A7}"
EndProject
Project("{2150E333-8FDC-42A3-9474-1A3956D46DE8}") = "tests", "tests", "{FDFAFECE-8507-46B3-99CA-31951B7385A9}"
EndProject
Global
	GlobalSection(SolutionConfigurationPlatforms) = preSolution
		Debug|Any CPU = Debug|Any CPU
		Release|Any CPU = Release|Any CPU
	EndGlobalSection
	GlobalSection(ProjectConfigurationPlatforms) = postSolution
		{43D1AA45-76B8-4A29-85B4-F6DE7AD1750C}.Debug|Any CPU.ActiveCfg = Debug|Any CPU
		{43D1AA45-76B8-4A29-85B4-F6DE7AD1750C}.Debug|Any CPU.Build.0 = Debug|Any CPU
		{43D1AA45-76B8-4A29-85B4-F6DE7AD1750C}.Release|Any CPU.ActiveCfg = Release|Any CPU
		{43D1AA45-76B8-4A29-85B4-F6DE7AD1750C}.Release|Any CPU.Build.0 = Release|Any CPU
		{B066706E-3E5B-4CC3-B1C5-5B4EAF757D71}.Debug|Any CPU.ActiveCfg = Debug|Any CPU
		{B066706E-3E5B-4CC3-B1C5-5B4EAF757D71}.Debug|Any CPU.Build.0 = Debug|Any CPU
		{B066706E-3E5B-4CC3-B1C5-5B4EAF757D71}.Release|Any CPU.ActiveCfg = Release|Any CPU
		{B066706E-3E5B-4CC3-B1C5-5B4EAF757D71}.Release|Any CPU.Build.0 = Release|Any CPU
		{899A7AA7-1CC5-404D-9505-B0616AA1EB27}.Debug|Any CPU.ActiveCfg = Debug|Any CPU
		{899A7AA7-1CC5-404D-9505-B0616AA1EB27}.Debug|Any CPU.Build.0 = Debug|Any CPU
		{899A7AA7-1CC5-404D-9505-B0616AA1EB27}.Release|Any CPU.ActiveCfg = Release|Any CPU
		{899A7AA7-1CC5-404D-9505-B0616AA1EB27}.Release|Any CPU.Build.0 = Release|Any CPU
		{7384A843-BDD5-4E28-9A32-C979559E51A7}.Debug|Any CPU.ActiveCfg = Debug|Any CPU
		{7384A843-BDD5-4E28-9A32-C979559E51A7}.Debug|Any CPU.Build.0 = Debug|Any CPU
		{7384A843-BDD5-4E28-9A32-C979559E51A7}.Release|Any CPU.ActiveCfg = Release|Any CPU
		{7384A843-BDD5-4E28-9A32-C979559E51A7}.Release|Any CPU.Build.0 = Release|Any CPU
	EndGlobalSection
	GlobalSection(NestedProjects) = preSolution
		{7384A843-BDD5-4E28-9A32-C979559E51A7} = {FDFAFECE-8507-46B3-99CA-31951B7385A9}
	EndGlobalSection
EndGlobal
